
Microsoft Visual Studio Solution File, Format Version 12.00
# Visual Studio 15
VisualStudioVersion = 15.0.28307.645
MinimumVisualStudioVersion = 10.0.40219.1
Project("{FAE04EC0-301F-11D3-BF4B-00C04F79EFBC}") = "HelloAzure", "HelloAzure\HelloAzure.csproj", "{720FE0DF-ADD0-44F4-935C-87DBFB84CB34}"
EndProject
Global
	GlobalSection(SolutionConfigurationPlatforms) = preSolution
		Debug|Any CPU = Debug|Any CPU
		Release|Any CPU = Release|Any CPU
	EndGlobalSection
	GlobalSection(ProjectConfigurationPlatforms) = postSolution
		{720FE0DF-ADD0-44F4-935C-87DBFB84CB34}.Debug|Any CPU.ActiveCfg = Debug|Any CPU
		{720FE0DF-ADD0-44F4-935C-87DBFB84CB34}.Debug|Any CPU.Build.0 = Debug|Any CPU
		{720FE0DF-ADD0-44F4-935C-87DBFB84CB34}.Release|Any CPU.ActiveCfg = Release|Any CPU
		{720FE0DF-ADD0-44F4-935C-87DBFB84CB34}.Release|Any CPU.Build.0 = Release|Any CPU
	EndGlobalSection
	GlobalSection(SolutionProperties) = preSolution
		HideSolutionNode = FALSE
	EndGlobalSection
	GlobalSection(ExtensibilityGlobals) = postSolution
		SolutionGuid = {A9288605-1D18-4959-B4DA-C17C881AFC2F}
	EndGlobalSection
EndGlobal
